
Microsoft Visual Studio Solution File, Format Version 12.00
# Visual Studio 2013
VisualStudioVersion = 12.0.30723.0
MinimumVisualStudioVersion = 10.0.40219.1
Project("{8BC9CEB8-8B4A-11D0-8D11-00A0C91BC942}") = "LibISR", "LibISR\LibISR.vcxproj", "{1268D747-6F6D-4522-A928-1E158331B255}"
EndProject
Global
	GlobalSection(SolutionConfigurationPlatforms) = preSolution
		Debug|Win32 = Debug|Win32
		Debug|x64 = Debug|x64
		Release|Win32 = Release|Win32
		Release|x64 = Release|x64
	EndGlobalSection
	GlobalSection(ProjectConfigurationPlatforms) = postSolution
		{1268D747-6F6D-4522-A928-1E158331B255}.Debug|Win32.ActiveCfg = Debug|x64
		{1268D747-6F6D-4522-A928-1E158331B255}.Debug|Win32.Build.0 = Debug|x64
		{1268D747-6F6D-4522-A928-1E158331B255}.Debug|x64.ActiveCfg = Debug|x64
		{1268D747-6F6D-4522-A928-1E158331B255}.Debug|x64.Build.0 = Debug|x64
		{1268D747-6F6D-4522-A928-1E158331B255}.Release|Win32.ActiveCfg = Release|Win32
		{1268D747-6F6D-4522-A928-1E158331B255}.Release|Win32.Build.0 = Release|Win32
		{1268D747-6F6D-4522-A928-1E158331B255}.Release|x64.ActiveCfg = Release|x64
		{1268D747-6F6D-4522-A928-1E158331B255}.Release|x64.Build.0 = Release|x64
	EndGlobalSection
	GlobalSection(SolutionProperties) = preSolution
		HideSolutionNode = FALSE
	EndGlobalSection
EndGlobal
