<?xml version="1.0" encoding="utf-8"?>
<Project ToolsVersion="4.0" xmlns="http://schemas.microsoft.com/developer/msbuild/2003">
  <ItemGroup>
    <Filter Include="Engines">
      <UniqueIdentifier>{510a7639-156d-4524-868c-301a932515c7}</UniqueIdentifier>
    </Filter>
    <Filter Include="Objects">
      <UniqueIdentifier>{ef078f1e-04cf-44f8-b9b2-dfb90252fc45}</UniqueIdentifier>
    </Filter>
    <Filter Include="Utils">
      <UniqueIdentifier>{2c698d70-b16a-4058-9890-dce5bba943da}</UniqueIdentifier>
    </Filter>
    <Filter Include="Engines\Trackers">
      <UniqueIdentifier>{83d8d0d6-b4a5-4780-ab57-47144b2affa9}</UniqueIdentifier>
    </Filter>
    <Filter Include="Engines\Lowlevel">
      <UniqueIdentifier>{ff0afb5a-b5a7-4c1b-bb0b-d78dc9220baf}</UniqueIdentifier>
    </Filter>
    <Filter Include="Engines\Visualization">
      <UniqueIdentifier>{aaede67a-1d8c-4fa3-acc7-def2fdbdc6a4}</UniqueIdentifier>
    </Filter>
    <Filter Include="Objects\Highlevel">
      <UniqueIdentifier>{0704c8a6-6725-4ace-8f79-2e3af3814fa8}</UniqueIdentifier>
    </Filter>
    <Filter Include="Objects\Basic">
      <UniqueIdentifier>{1a371c00-38b1-4ae1-9523-4fcecda1f011}</UniqueIdentifier>
    </Filter>
  </ItemGroup>
  <ItemGroup>
    <ClCompile Include="Engines\ISRCoreEngine.cpp">
      <Filter>Engines</Filter>
    </ClCompile>
    <ClCompile Include="Utils\ISRCalibIO.cpp">
      <Filter>Utils</Filter>
    </ClCompile>
    <ClCompile Include="Engines\Trackers\ISRDepthTracker.cpp">
      <Filter>Engines\Trackers</Filter>
    </ClCompile>
    <ClCompile Include="Engines\Trackers\ISRRGBDTracker.cpp">
      <Filter>Engines\Trackers</Filter>
    </ClCompile>
    <ClCompile Include="Engines\Trackers\ISRRGBDTracker_CPU.cpp">
      <Filter>Engines\Trackers</Filter>
    </ClCompile>
    <ClCompile Include="Engines\Lowlevel\ISRLowlevelEngine.cpp">
      <Filter>Engines\Lowlevel</Filter>
    </ClCompile>
    <ClCompile Include="Engines\Lowlevel\ISRLowlevelEngine_CPU.cpp">
      <Filter>Engines\Lowlevel</Filter>
    </ClCompile>
    <ClCompile Include="Engines\Visualization\ISRVisualisationEngine.cpp">
      <Filter>Engines\Visualization</Filter>
    </ClCompile>
    <ClCompile Include="Engines\Visualization\ISRVisualisationEngine_CPU.cpp">
      <Filter>Engines\Visualization</Filter>
    </ClCompile>
  </ItemGroup>
  <ItemGroup>
    <ClInclude Include="Engines\ISRCoreEngine.h">
      <Filter>Engines</Filter>
    </ClInclude>
    <ClInclude Include="Utils\ISRCalibIO.h">
      <Filter>Utils</Filter>
    </ClInclude>
    <ClInclude Include="Utils\ISRLibSettings.h">
      <Filter>Utils</Filter>
    </ClInclude>
    <ClInclude Include="Utils\LibISRDefine.h">
      <Filter>Utils</Filter>
    </ClInclude>
    <ClInclude Include="LibISR.h" />
    <ClInclude Include="Engines\Trackers\ISRDepthTracker.h">
      <Filter>Engines\Trackers</Filter>
    </ClInclude>
    <ClInclude Include="Engines\Trackers\ISRRGBDTracker.h">
      <Filter>Engines\Trackers</Filter>
    </ClInclude>
    <ClInclude Include="Engines\Trackers\ISRTracker.h">
      <Filter>Engines\Trackers</Filter>
    </ClInclude>
    <ClInclude Include="Engines\Trackers\ISRRGBDTracker_CPU.h">
      <Filter>Engines\Trackers</Filter>
    </ClInclude>
    <ClInclude Include="Engines\Trackers\ISRRGBDTracker_DA.h">
      <Filter>Engines\Trackers</Filter>
    </ClInclude>
    <ClInclude Include="Engines\Trackers\ISRRGBDTracker_GPU.h">
      <Filter>Engines\Trackers</Filter>
    </ClInclude>
    <ClInclude Include="Engines\Lowlevel\ISRLowlevelEngine.h">
      <Filter>Engines\Lowlevel</Filter>
    </ClInclude>
    <ClInclude Include="Engines\Lowlevel\ISRLowlevelEngine_CPU.h">
      <Filter>Engines\Lowlevel</Filter>
    </ClInclude>
    <ClInclude Include="Engines\Lowlevel\ISRLowlevelEngine_DA.h">
      <Filter>Engines\Lowlevel</Filter>
    </ClInclude>
    <ClInclude Include="Engines\Visualization\ISRVisualisationEngine.h">
      <Filter>Engines\Visualization</Filter>
    </ClInclude>
    <ClInclude Include="Engines\Visualization\ISRVisualisationEngine_CPU.h">
      <Filter>Engines\Visualization</Filter>
    </ClInclude>
    <ClInclude Include="Engines\Visualization\ISRVisualisationEngine_DA.h">
      <Filter>Engines\Visualization</Filter>
    </ClInclude>
    <ClInclude Include="Objects\Highlevel\ISRFrame.h">
      <Filter>Objects\Highlevel</Filter>
    </ClInclude>
    <ClInclude Include="Objects\Highlevel\ISRShapeUnion.h">
      <Filter>Objects\Highlevel</Filter>
    </ClInclude>
    <ClInclude Include="Objects\Highlevel\ISRTrackingState.h">
      <Filter>Objects\Highlevel</Filter>
    </ClInclude>
    <ClInclude Include="Objects\Basic\ISRCalib.h">
      <Filter>Objects\Basic</Filter>
    </ClInclude>
    <ClInclude Include="Objects\Basic\ISRDisparityCalib.h">
      <Filter>Objects\Basic</Filter>
    </ClInclude>
    <ClInclude Include="Objects\Basic\ISRExHomography.h">
      <Filter>Objects\Basic</Filter>
    </ClInclude>
    <ClInclude Include="Objects\Basic\ISRExtrinsics.h">
      <Filter>Objects\Basic</Filter>
    </ClInclude>
    <ClInclude Include="Objects\Basic\ISRHistogram.h">
      <Filter>Objects\Basic</Filter>
    </ClInclude>
    <ClInclude Include="Objects\Basic\ISRImageHierarchy.h">
      <Filter>Objects\Basic</Filter>
    </ClInclude>
    <ClInclude Include="Objects\Basic\ISRIntrinsics.h">
      <Filter>Objects\Basic</Filter>
    </ClInclude>
    <ClInclude Include="Objects\Basic\ISRPose.h">
      <Filter>Objects\Basic</Filter>
    </ClInclude>
    <ClInclude Include="Objects\Basic\ISRShape.h">
      <Filter>Objects\Basic</Filter>
    </ClInclude>
    <ClInclude Include="Objects\Basic\ISRView.h">
      <Filter>Objects\Basic</Filter>
    </ClInclude>
    <ClInclude Include="Objects\Basic\ISRVisualisationState.h">
      <Filter>Objects\Basic</Filter>
    </ClInclude>
    <ClInclude Include="Engines\Lowlevel\ISRVoxelAccess_DA.h">
      <Filter>Engines\Lowlevel</Filter>
    </ClInclude>
    <ClInclude Include="Utils\ISRCUDAUtils.h">
      <Filter>Utils</Filter>
    </ClInclude>
  </ItemGroup>
  <ItemGroup>
    <CudaCompile Include="Engines\Trackers\ISRRGBDTracker_GPU.cu">
      <Filter>Engines\Trackers</Filter>
    </CudaCompile>
  </ItemGroup>
</Project>