<?xml version="1.0" encoding="utf-8"?>
<Project ToolsVersion="4.0" xmlns="http://schemas.microsoft.com/developer/msbuild/2003">
  <ItemGroup>
    <Filter Include="Engines">
      <UniqueIdentifier>{510a7639-156d-4524-868c-301a932515c7}</UniqueIdentifier>
    </Filter>
    <Filter Include="Objects">
      <UniqueIdentifier>{ef078f1e-04cf-44f8-b9b2-dfb90252fc45}</UniqueIdentifier>
    </Filter>
    <Filter Include="Utils">
      <UniqueIdentifier>{2c698d70-b16a-4058-9890-dce5bba943da}</UniqueIdentifier>
    </Filter>
    <Filter Include="Engines\DeviceSpecific">
      <UniqueIdentifier>{b66af51d-af1f-4419-b5bc-7937ebe44a57}</UniqueIdentifier>
    </Filter>
    <Filter Include="Engines\DeviceAgnostic">
      <UniqueIdentifier>{0f466ca4-ad43-46ba-9d53-3ec43c8d3cf8}</UniqueIdentifier>
    </Filter>
    <Filter Include="Engines\DeviceSpecific\CPU">
      <UniqueIdentifier>{bf0b1d2f-548b-4087-a567-0d9eac081f11}</UniqueIdentifier>
    </Filter>
    <Filter Include="Engines\DeviceSpecific\GPU">
      <UniqueIdentifier>{e5cfc05d-7c98-4b55-bf3e-465677077b76}</UniqueIdentifier>
    </Filter>
  </ItemGroup>
  <ItemGroup>
    <ClCompile Include="Engines\ISRCoreEngine.cpp">
      <Filter>Engines</Filter>
    </ClCompile>
    <ClCompile Include="Utils\ISRCalibIO.cpp">
      <Filter>Utils</Filter>
    </ClCompile>
    <ClCompile Include="Engines\ISRDepthTracker.cpp">
      <Filter>Engines</Filter>
    </ClCompile>
    <ClCompile Include="Engines\ISRRGBDTracker.cpp">
      <Filter>Engines</Filter>
    </ClCompile>
    <ClCompile Include="Engines\DeviceSpecific\CPU\ISRRGBDTracker_CPU.cpp">
      <Filter>Engines\DeviceSpecific\CPU</Filter>
    </ClCompile>
    <ClCompile Include="Engines\ISRLowlevelEngine.cpp">
      <Filter>Engines</Filter>
    </ClCompile>
    <ClCompile Include="Engines\DeviceSpecific\CPU\ISRLowlevelEngine_CPU.cpp">
      <Filter>Engines\DeviceSpecific\CPU</Filter>
    </ClCompile>
  </ItemGroup>
  <ItemGroup>
    <ClInclude Include="Engines\ISRCoreEngine.h">
      <Filter>Engines</Filter>
    </ClInclude>
    <ClInclude Include="Utils\ISRCalibIO.h">
      <Filter>Utils</Filter>
    </ClInclude>
    <ClInclude Include="Utils\ISRLibSettings.h">
      <Filter>Utils</Filter>
    </ClInclude>
    <ClInclude Include="Utils\LibISRDefine.h">
      <Filter>Utils</Filter>
    </ClInclude>
    <ClInclude Include="Objects\ISRCalib.h">
      <Filter>Objects</Filter>
    </ClInclude>
    <ClInclude Include="Objects\ISRDisparityCalib.h">
      <Filter>Objects</Filter>
    </ClInclude>
    <ClInclude Include="Objects\ISRExHomography.h">
      <Filter>Objects</Filter>
    </ClInclude>
    <ClInclude Include="Objects\ISRExtrinsics.h">
      <Filter>Objects</Filter>
    </ClInclude>
    <ClInclude Include="Objects\ISRFrame.h">
      <Filter>Objects</Filter>
    </ClInclude>
    <ClInclude Include="Objects\ISRHistogram.h">
      <Filter>Objects</Filter>
    </ClInclude>
    <ClInclude Include="Objects\ISRIntrinsics.h">
      <Filter>Objects</Filter>
    </ClInclude>
    <ClInclude Include="Objects\ISRPose.h">
      <Filter>Objects</Filter>
    </ClInclude>
    <ClInclude Include="Objects\ISRShape.h">
      <Filter>Objects</Filter>
    </ClInclude>
    <ClInclude Include="Objects\ISRShapeUnion.h">
      <Filter>Objects</Filter>
    </ClInclude>
    <ClInclude Include="Objects\ISRView.h">
      <Filter>Objects</Filter>
    </ClInclude>
    <ClInclude Include="LibISR.h" />
    <ClInclude Include="Engines\ISRDepthTracker.h">
      <Filter>Engines</Filter>
    </ClInclude>
    <ClInclude Include="Engines\ISRRGBDTracker.h">
      <Filter>Engines</Filter>
    </ClInclude>
    <ClInclude Include="Engines\ISRTracker.h">
      <Filter>Engines</Filter>
    </ClInclude>
    <ClInclude Include="Engines\DeviceSpecific\CPU\ISRRGBDTracker_CPU.h">
      <Filter>Engines\DeviceSpecific\CPU</Filter>
    </ClInclude>
    <ClInclude Include="Engines\DeviceSpecific\GPU\ISRRGBDTracker_GPU.h">
      <Filter>Engines\DeviceSpecific\GPU</Filter>
    </ClInclude>
    <ClInclude Include="Engines\DeviceAgnostic\ISRRGBDTracker_DA.h">
      <Filter>Engines\DeviceAgnostic</Filter>
    </ClInclude>
    <ClInclude Include="Objects\ISRTrackingState.h">
      <Filter>Objects</Filter>
    </ClInclude>
    <ClInclude Include="Engines\ISRLowlevelEngine.h">
      <Filter>Engines</Filter>
    </ClInclude>
    <ClInclude Include="Engines\DeviceAgnostic\ISRLowlevelEngine_DA.h">
      <Filter>Engines\DeviceAgnostic</Filter>
    </ClInclude>
    <ClInclude Include="Engines\DeviceSpecific\CPU\ISRLowlevelEngine_CPU.h">
      <Filter>Engines\DeviceSpecific\CPU</Filter>
    </ClInclude>
    <ClInclude Include="Objects\ISRImageHierarchy.h">
      <Filter>Objects</Filter>
    </ClInclude>
  </ItemGroup>
  <ItemGroup>
    <CudaCompile Include="Engines\DeviceSpecific\GPU\ISRRGBDTracker_GPU.cu">
      <Filter>Engines\DeviceSpecific\GPU</Filter>
    </CudaCompile>
  </ItemGroup>
</Project>