<?xml version="1.0" encoding="utf-8"?>
<Project ToolsVersion="4.0" xmlns="http://schemas.microsoft.com/developer/msbuild/2003">
  <ItemGroup>
    <ClCompile Include="main.cpp" />
    <ClCompile Include="CoreISR\Objects\ISRPose.cpp">
      <Filter>CoreISR\Objects</Filter>
    </ClCompile>
    <ClCompile Include="Utils\IOUtil.cpp">
      <Filter>Utils</Filter>
    </ClCompile>
    <ClCompile Include="Engine\ImageSourceEngine.cpp">
      <Filter>Engine</Filter>
    </ClCompile>
    <ClCompile Include="CoreISR\Utils\ISRCalibIO.cpp">
      <Filter>CoreISR\Utils</Filter>
    </ClCompile>
  </ItemGroup>
  <ItemGroup>
    <Filter Include="Engine">
      <UniqueIdentifier>{4af27829-1a0e-4a0b-86cf-aa3d0d0a9c49}</UniqueIdentifier>
    </Filter>
    <Filter Include="CoreISR">
      <UniqueIdentifier>{2c8c3c5d-cbd4-41e8-886f-e73aaf90d220}</UniqueIdentifier>
    </Filter>
    <Filter Include="CoreISR\Engine">
      <UniqueIdentifier>{fddcd40b-887a-4ce9-aaaf-093df9de9a9d}</UniqueIdentifier>
    </Filter>
    <Filter Include="CoreISR\Objects">
      <UniqueIdentifier>{7fb4ec90-f57f-4ae4-838c-20fc561b38b7}</UniqueIdentifier>
    </Filter>
    <Filter Include="CoreISR\Utils">
      <UniqueIdentifier>{f47f59da-aeb6-486a-9c7c-7a1fb456e28b}</UniqueIdentifier>
    </Filter>
    <Filter Include="Utils">
      <UniqueIdentifier>{e4fa263a-1ee7-4f24-8e37-47d5e49cba6b}</UniqueIdentifier>
    </Filter>
  </ItemGroup>
  <ItemGroup>
    <ClInclude Include="Utils\IOUtil.h">
      <Filter>Utils</Filter>
    </ClInclude>
    <ClInclude Include="Utils\Timer.h">
      <Filter>Utils</Filter>
    </ClInclude>
    <ClInclude Include="CoreISR\Objects\ISRFrame.h">
      <Filter>CoreISR\Objects</Filter>
    </ClInclude>
    <ClInclude Include="CoreISR\Objects\ISRHistogram.h">
      <Filter>CoreISR\Objects</Filter>
    </ClInclude>
    <ClInclude Include="CoreISR\Objects\ISRImage.h">
      <Filter>CoreISR\Objects</Filter>
    </ClInclude>
    <ClInclude Include="CoreISR\Objects\ISROptimizationHelper.h">
      <Filter>CoreISR\Objects</Filter>
    </ClInclude>
    <ClInclude Include="CoreISR\Objects\ISRPoints.h">
      <Filter>CoreISR\Objects</Filter>
    </ClInclude>
    <ClInclude Include="CoreISR\Objects\ISRPose.h">
      <Filter>CoreISR\Objects</Filter>
    </ClInclude>
    <ClInclude Include="CoreISR\Objects\ISRShape.h">
      <Filter>CoreISR\Objects</Filter>
    </ClInclude>
    <ClInclude Include="CoreISR\Objects\ISRShapeUnion.h">
      <Filter>CoreISR\Objects</Filter>
    </ClInclude>
    <ClInclude Include="CoreISR\Utils\LibISRDefine.h">
      <Filter>CoreISR\Utils</Filter>
    </ClInclude>
    <ClInclude Include="CoreISR\LibISR.h">
      <Filter>CoreISR</Filter>
    </ClInclude>
    <ClInclude Include="Engine\UIEngine.h">
      <Filter>Engine</Filter>
    </ClInclude>
    <ClInclude Include="Engine\ISRKinectCapture.h">
      <Filter>Engine</Filter>
    </ClInclude>
    <ClInclude Include="CoreISR\Objects\ISRCalib.h">
      <Filter>CoreISR\Objects</Filter>
    </ClInclude>
    <ClInclude Include="CoreISR\Objects\ISRIntrinsics.h">
      <Filter>CoreISR\Objects</Filter>
    </ClInclude>
    <ClInclude Include="CoreISR\Utils\ISRMatrix.h">
      <Filter>CoreISR\Utils</Filter>
    </ClInclude>
    <ClInclude Include="CoreISR\Utils\ISRMath.h">
      <Filter>CoreISR\Utils</Filter>
    </ClInclude>
    <ClInclude Include="CoreISR\Utils\ISRVector.h">
      <Filter>CoreISR\Utils</Filter>
    </ClInclude>
    <ClInclude Include="CoreISR\Objects\ISRExtrinsics.h">
      <Filter>CoreISR\Objects</Filter>
    </ClInclude>
    <ClInclude Include="CoreISR\Objects\ISRExHomography.h">
      <Filter>CoreISR\Objects</Filter>
    </ClInclude>
    <ClInclude Include="CoreISR\Objects\ISRDisparityCalib.h">
      <Filter>CoreISR\Objects</Filter>
    </ClInclude>
    <ClInclude Include="CoreISR\Objects\ISRView.h">
      <Filter>CoreISR\Objects</Filter>
    </ClInclude>
    <ClInclude Include="CoreISR\Utils\LibISRCUDADefine.h">
      <Filter>CoreISR\Utils</Filter>
    </ClInclude>
    <ClInclude Include="Engine\ImageSourceEngine.h">
      <Filter>Engine</Filter>
    </ClInclude>
    <ClInclude Include="CoreISR\Utils\ISRCalibIO.h">
      <Filter>CoreISR\Utils</Filter>
    </ClInclude>
  </ItemGroup>
</Project>